
Microsoft Visual Studio Solution File, Format Version 12.00
# Visual Studio Version 16
VisualStudioVersion = 16.0.31410.357
MinimumVisualStudioVersion = 10.0.40219.1
Project("{FAE04EC0-301F-11D3-BF4B-00C04F79EFBC}") = "frpass", "frpass.csproj", "{367AAED8-EA0A-4538-8A99-49C5A1CBA8F7}"
EndProject
Project("{9A19103F-16F7-4668-BE54-9A1E7A4F7556}") = "NotificationIconSharp", "..\NotificationTrayIconSharp\NotificationIconSharp\NotificationIconSharp.csproj", "{6EA0C335-7A9A-465B-8848-818BB938967B}"
EndProject
Global
	GlobalSection(SolutionConfigurationPlatforms) = preSolution
		Debug|Any CPU = Debug|Any CPU
		Release|Any CPU = Release|Any CPU
	EndGlobalSection
	GlobalSection(ProjectConfigurationPlatforms) = postSolution
		{367AAED8-EA0A-4538-8A99-49C5A1CBA8F7}.Debug|Any CPU.ActiveCfg = Debug|Any CPU
		{367AAED8-EA0A-4538-8A99-49C5A1CBA8F7}.Debug|Any CPU.Build.0 = Debug|Any CPU
		{367AAED8-EA0A-4538-8A99-49C5A1CBA8F7}.Release|Any CPU.ActiveCfg = Release|Any CPU
		{367AAED8-EA0A-4538-8A99-49C5A1CBA8F7}.Release|Any CPU.Build.0 = Release|Any CPU
		{6EA0C335-7A9A-465B-8848-818BB938967B}.Debug|Any CPU.ActiveCfg = Debug|Any CPU
		{6EA0C335-7A9A-465B-8848-818BB938967B}.Debug|Any CPU.Build.0 = Debug|Any CPU
		{6EA0C335-7A9A-465B-8848-818BB938967B}.Release|Any CPU.ActiveCfg = Release|Any CPU
		{6EA0C335-7A9A-465B-8848-818BB938967B}.Release|Any CPU.Build.0 = Release|Any CPU
	EndGlobalSection
	GlobalSection(SolutionProperties) = preSolution
		HideSolutionNode = FALSE
	EndGlobalSection
	GlobalSection(ExtensibilityGlobals) = postSolution
		SolutionGuid = {CDA165B8-E209-4D6A-83D5-9406B2E0D141}
	EndGlobalSection
EndGlobal
